
Microsoft Visual Studio Solution File, Format Version 12.00
# Visual Studio Version 17
VisualStudioVersion = 17.5.33530.505
MinimumVisualStudioVersion = 10.0.40219.1
Project("{FAE04EC0-301F-11D3-BF4B-00C04F79EFBC}") = "sc2playtime", "sc2playtime\sc2playtime.csproj", "{1AFA72F7-EC00-47F3-88BD-C07D924BB7F4}"
EndProject
Global
	GlobalSection(SolutionConfigurationPlatforms) = preSolution
		Debug|Any CPU = Debug|Any CPU
		Release|Any CPU = Release|Any CPU
	EndGlobalSection
	GlobalSection(ProjectConfigurationPlatforms) = postSolution
		{1AFA72F7-EC00-47F3-88BD-C07D924BB7F4}.Debug|Any CPU.ActiveCfg = Debug|Any CPU
		{1AFA72F7-EC00-47F3-88BD-C07D924BB7F4}.Debug|Any CPU.Build.0 = Debug|Any CPU
		{1AFA72F7-EC00-47F3-88BD-C07D924BB7F4}.Release|Any CPU.ActiveCfg = Release|Any CPU
		{1AFA72F7-EC00-47F3-88BD-C07D924BB7F4}.Release|Any CPU.Build.0 = Release|Any CPU
	EndGlobalSection
	GlobalSection(SolutionProperties) = preSolution
		HideSolutionNode = FALSE
	EndGlobalSection
	GlobalSection(ExtensibilityGlobals) = postSolution
		SolutionGuid = {77C01868-244B-4149-9F01-B0B90108731F}
	EndGlobalSection
EndGlobal
